PODS:
  - PieCharts (0.0.7)
  - Realm (10.25.0):
    - Realm/Headers (= 10.25.0)
  - Realm/Headers (10.25.0)
  - RealmSwift (10.25.0):
    - Realm (= 10.25.0)

DEPENDENCIES:
  - PieCharts
  - RealmSwift

SPEC REPOS:
  trunk:
    - PieCharts
    - Realm
    - RealmSwift

SPEC CHECKSUMS:
  PieCharts: 30e50dfa7dc19e5b84e9878d32089673ef5d0453
  Realm: 22a82aaa0e73f3483e3a6df32549c4c5cd34aa63
  RealmSwift: c2a635212400923edd3f828b8a37d55d3eb31863

PODFILE CHECKSUM: ae0e3a716993aaba16b8086fc6c2c672e8023242

COCOAPODS: 1.11.3
